
Microsoft Visual Studio Solution File, Format Version 12.00
# Visual Studio Version 17
VisualStudioVersion = 17.13.35818.85 d17.13
MinimumVisualStudioVersion = 10.0.40219.1
Project("{FAE04EC0-301F-11D3-BF4B-00C04F79EFBC}") = "EAFIT-BaseDeDatos.Core", "..\EAFIT-BaseDeDatos.Core\EAFIT-BaseDeDatos.Core.csproj", "{A1FD2700-D650-432C-BA25-F161BEE3E5CE}"
EndProject
Project("{FAE04EC0-301F-11D3-BF4B-00C04F79EFBC}") = "EAFIT-BaseDeDatos.UI", "..\EAFIT-BaseDeDatos.UI\EAFIT-BaseDeDatos.UI.csproj", "{2D087160-3A14-478C-BB9A-290396174A4B}"
EndProject
Global
	GlobalSection(SolutionConfigurationPlatforms) = preSolution
		Debug|Any CPU = Debug|Any CPU
		Release|Any CPU = Release|Any CPU
	EndGlobalSection
	GlobalSection(ProjectConfigurationPlatforms) = postSolution
		{A1FD2700-D650-432C-BA25-F161BEE3E5CE}.Debug|Any CPU.ActiveCfg = Debug|Any CPU
		{A1FD2700-D650-432C-BA25-F161BEE3E5CE}.Debug|Any CPU.Build.0 = Debug|Any CPU
		{A1FD2700-D650-432C-BA25-F161BEE3E5CE}.Release|Any CPU.ActiveCfg = Release|Any CPU
		{A1FD2700-D650-432C-BA25-F161BEE3E5CE}.Release|Any CPU.Build.0 = Release|Any CPU
		{2D087160-3A14-478C-BB9A-290396174A4B}.Debug|Any CPU.ActiveCfg = Debug|Any CPU
		{2D087160-3A14-478C-BB9A-290396174A4B}.Debug|Any CPU.Build.0 = Debug|Any CPU
		{2D087160-3A14-478C-BB9A-290396174A4B}.Release|Any CPU.ActiveCfg = Release|Any CPU
		{2D087160-3A14-478C-BB9A-290396174A4B}.Release|Any CPU.Build.0 = Release|Any CPU
	EndGlobalSection
	GlobalSection(SolutionProperties) = preSolution
		HideSolutionNode = FALSE
	EndGlobalSection
	GlobalSection(ExtensibilityGlobals) = postSolution
		SolutionGuid = {362A1A85-0FBF-48E1-B984-43EADAA714E3}
	EndGlobalSection
EndGlobal
